
Microsoft Visual Studio Solution File, Format Version 12.00
# Visual Studio 15
VisualStudioVersion = 15.0.28307.572
MinimumVisualStudioVersion = 10.0.40219.1
Project("{FAE04EC0-301F-11D3-BF4B-00C04F79EFBC}") = "HelloGit", "HelloGit\HelloGit.csproj", "{2270E890-0C4A-4E2D-9624-77FD76678911}"
EndProject
Global
	GlobalSection(SolutionConfigurationPlatforms) = preSolution
		Debug|Any CPU = Debug|Any CPU
		Release|Any CPU = Release|Any CPU
	EndGlobalSection
	GlobalSection(ProjectConfigurationPlatforms) = postSolution
		{2270E890-0C4A-4E2D-9624-77FD76678911}.Debug|Any CPU.ActiveCfg = Debug|Any CPU
		{2270E890-0C4A-4E2D-9624-77FD76678911}.Debug|Any CPU.Build.0 = Debug|Any CPU
		{2270E890-0C4A-4E2D-9624-77FD76678911}.Release|Any CPU.ActiveCfg = Release|Any CPU
		{2270E890-0C4A-4E2D-9624-77FD76678911}.Release|Any CPU.Build.0 = Release|Any CPU
	EndGlobalSection
	GlobalSection(SolutionProperties) = preSolution
		HideSolutionNode = FALSE
	EndGlobalSection
	GlobalSection(ExtensibilityGlobals) = postSolution
		SolutionGuid = {84BF3B3C-1A86-4E8C-B290-F7FA8AC9AE0F}
	EndGlobalSection
EndGlobal
